
Microsoft Visual Studio Solution File, Format Version 12.00
# Visual Studio Version 16
VisualStudioVersion = 16.0.34114.132
MinimumVisualStudioVersion = 10.0.40219.1
Project("{8BC9CEB8-8B4A-11D0-8D11-00A0C91BC942}") = "7-11 分段计算居民水费", "7-11 分段计算居民水费.vcxproj", "{781E4AD9-A040-47AF-80E2-0CF8D9EFE5C3}"
EndProject
Global
	GlobalSection(SolutionConfigurationPlatforms) = preSolution
		Debug|x64 = Debug|x64
		Debug|x86 = Debug|x86
		Release|x64 = Release|x64
		Release|x86 = Release|x86
	EndGlobalSection
	GlobalSection(ProjectConfigurationPlatforms) = postSolution
		{781E4AD9-A040-47AF-80E2-0CF8D9EFE5C3}.Debug|x64.ActiveCfg = Debug|x64
		{781E4AD9-A040-47AF-80E2-0CF8D9EFE5C3}.Debug|x64.Build.0 = Debug|x64
		{781E4AD9-A040-47AF-80E2-0CF8D9EFE5C3}.Debug|x86.ActiveCfg = Debug|Win32
		{781E4AD9-A040-47AF-80E2-0CF8D9EFE5C3}.Debug|x86.Build.0 = Debug|Win32
		{781E4AD9-A040-47AF-80E2-0CF8D9EFE5C3}.Release|x64.ActiveCfg = Release|x64
		{781E4AD9-A040-47AF-80E2-0CF8D9EFE5C3}.Release|x64.Build.0 = Release|x64
		{781E4AD9-A040-47AF-80E2-0CF8D9EFE5C3}.Release|x86.ActiveCfg = Release|Win32
		{781E4AD9-A040-47AF-80E2-0CF8D9EFE5C3}.Release|x86.Build.0 = Release|Win32
	EndGlobalSection
	GlobalSection(SolutionProperties) = preSolution
		HideSolutionNode = FALSE
	EndGlobalSection
	GlobalSection(ExtensibilityGlobals) = postSolution
		SolutionGuid = {03B0BC7D-BA4E-482F-AD16-EC33F2E72497}
	EndGlobalSection
EndGlobal
