
Microsoft Visual Studio Solution File, Format Version 12.00
# Visual Studio Version 16
VisualStudioVersion = 16.0.34114.132
MinimumVisualStudioVersion = 10.0.40219.1
Project("{8BC9CEB8-8B4A-11D0-8D11-00A0C91BC942}") = "BC133 回型矩阵", "BC133 回型矩阵.vcxproj", "{F22E20E6-10FE-42AF-9EB1-EB27B7C591FA}"
EndProject
Global
	GlobalSection(SolutionConfigurationPlatforms) = preSolution
		Debug|x64 = Debug|x64
		Debug|x86 = Debug|x86
		Release|x64 = Release|x64
		Release|x86 = Release|x86
	EndGlobalSection
	GlobalSection(ProjectConfigurationPlatforms) = postSolution
		{F22E20E6-10FE-42AF-9EB1-EB27B7C591FA}.Debug|x64.ActiveCfg = Debug|x64
		{F22E20E6-10FE-42AF-9EB1-EB27B7C591FA}.Debug|x64.Build.0 = Debug|x64
		{F22E20E6-10FE-42AF-9EB1-EB27B7C591FA}.Debug|x86.ActiveCfg = Debug|Win32
		{F22E20E6-10FE-42AF-9EB1-EB27B7C591FA}.Debug|x86.Build.0 = Debug|Win32
		{F22E20E6-10FE-42AF-9EB1-EB27B7C591FA}.Release|x64.ActiveCfg = Release|x64
		{F22E20E6-10FE-42AF-9EB1-EB27B7C591FA}.Release|x64.Build.0 = Release|x64
		{F22E20E6-10FE-42AF-9EB1-EB27B7C591FA}.Release|x86.ActiveCfg = Release|Win32
		{F22E20E6-10FE-42AF-9EB1-EB27B7C591FA}.Release|x86.Build.0 = Release|Win32
	EndGlobalSection
	GlobalSection(SolutionProperties) = preSolution
		HideSolutionNode = FALSE
	EndGlobalSection
	GlobalSection(ExtensibilityGlobals) = postSolution
		SolutionGuid = {0FF0510C-E297-407B-8481-37D20B804647}
	EndGlobalSection
EndGlobal
