
Microsoft Visual Studio Solution File, Format Version 12.00
# Visual Studio Version 16
VisualStudioVersion = 16.0.34114.132
MinimumVisualStudioVersion = 10.0.40219.1
Project("{8BC9CEB8-8B4A-11D0-8D11-00A0C91BC942}") = "BC2052 简单计算器", "BC2052 简单计算器.vcxproj", "{AB89A7EB-72DE-4FA9-9F0B-51ADE153F400}"
EndProject
Global
	GlobalSection(SolutionConfigurationPlatforms) = preSolution
		Debug|x64 = Debug|x64
		Debug|x86 = Debug|x86
		Release|x64 = Release|x64
		Release|x86 = Release|x86
	EndGlobalSection
	GlobalSection(ProjectConfigurationPlatforms) = postSolution
		{AB89A7EB-72DE-4FA9-9F0B-51ADE153F400}.Debug|x64.ActiveCfg = Debug|x64
		{AB89A7EB-72DE-4FA9-9F0B-51ADE153F400}.Debug|x64.Build.0 = Debug|x64
		{AB89A7EB-72DE-4FA9-9F0B-51ADE153F400}.Debug|x86.ActiveCfg = Debug|Win32
		{AB89A7EB-72DE-4FA9-9F0B-51ADE153F400}.Debug|x86.Build.0 = Debug|Win32
		{AB89A7EB-72DE-4FA9-9F0B-51ADE153F400}.Release|x64.ActiveCfg = Release|x64
		{AB89A7EB-72DE-4FA9-9F0B-51ADE153F400}.Release|x64.Build.0 = Release|x64
		{AB89A7EB-72DE-4FA9-9F0B-51ADE153F400}.Release|x86.ActiveCfg = Release|Win32
		{AB89A7EB-72DE-4FA9-9F0B-51ADE153F400}.Release|x86.Build.0 = Release|Win32
	EndGlobalSection
	GlobalSection(SolutionProperties) = preSolution
		HideSolutionNode = FALSE
	EndGlobalSection
	GlobalSection(ExtensibilityGlobals) = postSolution
		SolutionGuid = {3FDF9884-A377-476C-A834-6C136FF140E3}
	EndGlobalSection
EndGlobal
